
Microsoft Visual Studio Solution File, Format Version 12.00
# Visual Studio Version 17
VisualStudioVersion = 17.8.34330.188
MinimumVisualStudioVersion = 10.0.40219.1
Project("{FAE04EC0-301F-11D3-BF4B-00C04F79EFBC}") = "CodeKata1", "CodeKata1\CodeKata1.csproj", "{83CC8E7C-56A3-44A0-ADCE-EBEBD170F31B}"
EndProject
Global
	GlobalSection(SolutionConfigurationPlatforms) = preSolution
		Debug|Any CPU = Debug|Any CPU
		Release|Any CPU = Release|Any CPU
	EndGlobalSection
	GlobalSection(ProjectConfigurationPlatforms) = postSolution
		{83CC8E7C-56A3-44A0-ADCE-EBEBD170F31B}.Debug|Any CPU.ActiveCfg = Debug|Any CPU
		{83CC8E7C-56A3-44A0-ADCE-EBEBD170F31B}.Debug|Any CPU.Build.0 = Debug|Any CPU
		{83CC8E7C-56A3-44A0-ADCE-EBEBD170F31B}.Release|Any CPU.ActiveCfg = Release|Any CPU
		{83CC8E7C-56A3-44A0-ADCE-EBEBD170F31B}.Release|Any CPU.Build.0 = Release|Any CPU
	EndGlobalSection
	GlobalSection(SolutionProperties) = preSolution
		HideSolutionNode = FALSE
	EndGlobalSection
	GlobalSection(ExtensibilityGlobals) = postSolution
		SolutionGuid = {28B0C057-32B2-48EE-85B8-D6495181F037}
	EndGlobalSection
EndGlobal
